
Microsoft Visual Studio Solution File, Format Version 12.00
# Visual Studio Version 17
VisualStudioVersion = 17.0.32014.148
MinimumVisualStudioVersion = 10.0.40219.1
Project("{9A19103F-16F7-4668-BE54-9A1E7A4F7556}") = "ENetWrapper", "ENetWrapper.csproj", "{3AB4BB62-619F-4597-8CB9-0F3BAD6C9ABE}"
EndProject
Global
	GlobalSection(SolutionConfigurationPlatforms) = preSolution
		CLIENT_DEBUG|Any CPU = CLIENT_DEBUG|Any CPU
		CLIENT_RELEASE|Any CPU = CLIENT_RELEASE|Any CPU
		Debug|Any CPU = Debug|Any CPU
		Release|Any CPU = Release|Any CPU
		SERVER_DEBUG|Any CPU = SERVER_DEBUG|Any CPU
		SERVER_RELEASE|Any CPU = SERVER_RELEASE|Any CPU
	EndGlobalSection
	GlobalSection(ProjectConfigurationPlatforms) = postSolution
		{3AB4BB62-619F-4597-8CB9-0F3BAD6C9ABE}.CLIENT_DEBUG|Any CPU.ActiveCfg = CLIENT_DEBUG|Any CPU
		{3AB4BB62-619F-4597-8CB9-0F3BAD6C9ABE}.CLIENT_DEBUG|Any CPU.Build.0 = CLIENT_DEBUG|Any CPU
		{3AB4BB62-619F-4597-8CB9-0F3BAD6C9ABE}.CLIENT_RELEASE|Any CPU.ActiveCfg = CLIENT_RELEASE|Any CPU
		{3AB4BB62-619F-4597-8CB9-0F3BAD6C9ABE}.CLIENT_RELEASE|Any CPU.Build.0 = CLIENT_RELEASE|Any CPU
		{3AB4BB62-619F-4597-8CB9-0F3BAD6C9ABE}.Debug|Any CPU.ActiveCfg = Debug|Any CPU
		{3AB4BB62-619F-4597-8CB9-0F3BAD6C9ABE}.Debug|Any CPU.Build.0 = Debug|Any CPU
		{3AB4BB62-619F-4597-8CB9-0F3BAD6C9ABE}.Release|Any CPU.ActiveCfg = Release|Any CPU
		{3AB4BB62-619F-4597-8CB9-0F3BAD6C9ABE}.Release|Any CPU.Build.0 = Release|Any CPU
		{3AB4BB62-619F-4597-8CB9-0F3BAD6C9ABE}.SERVER_DEBUG|Any CPU.ActiveCfg = SERVER_DEBUG|Any CPU
		{3AB4BB62-619F-4597-8CB9-0F3BAD6C9ABE}.SERVER_DEBUG|Any CPU.Build.0 = SERVER_DEBUG|Any CPU
		{3AB4BB62-619F-4597-8CB9-0F3BAD6C9ABE}.SERVER_RELEASE|Any CPU.ActiveCfg = SERVER_RELEASE|Any CPU
		{3AB4BB62-619F-4597-8CB9-0F3BAD6C9ABE}.SERVER_RELEASE|Any CPU.Build.0 = SERVER_RELEASE|Any CPU
	EndGlobalSection
	GlobalSection(SolutionProperties) = preSolution
		HideSolutionNode = FALSE
	EndGlobalSection
	GlobalSection(ExtensibilityGlobals) = postSolution
		SolutionGuid = {702CA4F4-9C2B-4BA6-A713-874398C79BA4}
	EndGlobalSection
EndGlobal
